
Microsoft Visual Studio Solution File, Format Version 12.00
# Visual Studio Version 17
VisualStudioVersion = 17.7.34024.191
MinimumVisualStudioVersion = 10.0.40219.1
Project("{FAE04EC0-301F-11D3-BF4B-00C04F79EFBC}") = "mocniny", "mocniny\mocniny.csproj", "{AEF01EC2-B767-429B-A7C6-4BB80D7B7852}"
EndProject
Global
	GlobalSection(SolutionConfigurationPlatforms) = preSolution
		Debug|Any CPU = Debug|Any CPU
		Release|Any CPU = Release|Any CPU
	EndGlobalSection
	GlobalSection(ProjectConfigurationPlatforms) = postSolution
		{AEF01EC2-B767-429B-A7C6-4BB80D7B7852}.Debug|Any CPU.ActiveCfg = Debug|Any CPU
		{AEF01EC2-B767-429B-A7C6-4BB80D7B7852}.Debug|Any CPU.Build.0 = Debug|Any CPU
		{AEF01EC2-B767-429B-A7C6-4BB80D7B7852}.Release|Any CPU.ActiveCfg = Release|Any CPU
		{AEF01EC2-B767-429B-A7C6-4BB80D7B7852}.Release|Any CPU.Build.0 = Release|Any CPU
	EndGlobalSection
	GlobalSection(SolutionProperties) = preSolution
		HideSolutionNode = FALSE
	EndGlobalSection
	GlobalSection(ExtensibilityGlobals) = postSolution
		SolutionGuid = {834531F7-FB50-42A7-AF94-D02C44188753}
	EndGlobalSection
EndGlobal
