
Microsoft Visual Studio Solution File, Format Version 12.00
# Visual Studio Version 17
VisualStudioVersion = 17.7.34024.191
MinimumVisualStudioVersion = 10.0.40219.1
Project("{FAE04EC0-301F-11D3-BF4B-00C04F79EFBC}") = "hodina 4", "hodina 4\hodina 4.csproj", "{32261E01-F96F-4AF5-98E9-022FAB5439D9}"
EndProject
Global
	GlobalSection(SolutionConfigurationPlatforms) = preSolution
		Debug|Any CPU = Debug|Any CPU
		Release|Any CPU = Release|Any CPU
	EndGlobalSection
	GlobalSection(ProjectConfigurationPlatforms) = postSolution
		{32261E01-F96F-4AF5-98E9-022FAB5439D9}.Debug|Any CPU.ActiveCfg = Debug|Any CPU
		{32261E01-F96F-4AF5-98E9-022FAB5439D9}.Debug|Any CPU.Build.0 = Debug|Any CPU
		{32261E01-F96F-4AF5-98E9-022FAB5439D9}.Release|Any CPU.ActiveCfg = Release|Any CPU
		{32261E01-F96F-4AF5-98E9-022FAB5439D9}.Release|Any CPU.Build.0 = Release|Any CPU
	EndGlobalSection
	GlobalSection(SolutionProperties) = preSolution
		HideSolutionNode = FALSE
	EndGlobalSection
	GlobalSection(ExtensibilityGlobals) = postSolution
		SolutionGuid = {2FA0FDAE-ACAD-4507-AC72-3170727F7308}
	EndGlobalSection
EndGlobal
