
Microsoft Visual Studio Solution File, Format Version 12.00
# Visual Studio Version 17
VisualStudioVersion = 17.7.34024.191
MinimumVisualStudioVersion = 10.0.40219.1
Project("{FAE04EC0-301F-11D3-BF4B-00C04F79EFBC}") = "obvod-obsah", "obvod-obsah\obvod-obsah.csproj", "{CA0EA782-D620-477D-B0B3-2847CC0D2502}"
EndProject
Global
	GlobalSection(SolutionConfigurationPlatforms) = preSolution
		Debug|Any CPU = Debug|Any CPU
		Release|Any CPU = Release|Any CPU
	EndGlobalSection
	GlobalSection(ProjectConfigurationPlatforms) = postSolution
		{CA0EA782-D620-477D-B0B3-2847CC0D2502}.Debug|Any CPU.ActiveCfg = Debug|Any CPU
		{CA0EA782-D620-477D-B0B3-2847CC0D2502}.Debug|Any CPU.Build.0 = Debug|Any CPU
		{CA0EA782-D620-477D-B0B3-2847CC0D2502}.Release|Any CPU.ActiveCfg = Release|Any CPU
		{CA0EA782-D620-477D-B0B3-2847CC0D2502}.Release|Any CPU.Build.0 = Release|Any CPU
	EndGlobalSection
	GlobalSection(SolutionProperties) = preSolution
		HideSolutionNode = FALSE
	EndGlobalSection
	GlobalSection(ExtensibilityGlobals) = postSolution
		SolutionGuid = {78202BF3-C989-4514-B100-AA4FC17BC741}
	EndGlobalSection
EndGlobal
