
Microsoft Visual Studio Solution File, Format Version 12.00
# Visual Studio Version 17
VisualStudioVersion = 17.7.34024.191
MinimumVisualStudioVersion = 10.0.40219.1
Project("{FAE04EC0-301F-11D3-BF4B-00C04F79EFBC}") = "hodina 11", "hodina 11\hodina 11.csproj", "{15DE509C-FCDA-4F7E-9B99-AA65E043724F}"
EndProject
Global
	GlobalSection(SolutionConfigurationPlatforms) = preSolution
		Debug|Any CPU = Debug|Any CPU
		Release|Any CPU = Release|Any CPU
	EndGlobalSection
	GlobalSection(ProjectConfigurationPlatforms) = postSolution
		{15DE509C-FCDA-4F7E-9B99-AA65E043724F}.Debug|Any CPU.ActiveCfg = Debug|Any CPU
		{15DE509C-FCDA-4F7E-9B99-AA65E043724F}.Debug|Any CPU.Build.0 = Debug|Any CPU
		{15DE509C-FCDA-4F7E-9B99-AA65E043724F}.Release|Any CPU.ActiveCfg = Release|Any CPU
		{15DE509C-FCDA-4F7E-9B99-AA65E043724F}.Release|Any CPU.Build.0 = Release|Any CPU
	EndGlobalSection
	GlobalSection(SolutionProperties) = preSolution
		HideSolutionNode = FALSE
	EndGlobalSection
	GlobalSection(ExtensibilityGlobals) = postSolution
		SolutionGuid = {3B31B58A-0603-494E-AD65-1B758D5012F7}
	EndGlobalSection
EndGlobal
